
Microsoft Visual Studio Solution File, Format Version 12.00
# Visual Studio Version 17
VisualStudioVersion = 17.0.31903.59
MinimumVisualStudioVersion = 10.0.40219.1
Project("{FAE04EC0-301F-11D3-BF4B-00C04F79EFBC}") = "Hello Lead", "Hello Lead\Hello Lead.csproj", "{D9DB9158-E143-45B6-A197-C9107E250BBE}"
EndProject
Global
	GlobalSection(SolutionConfigurationPlatforms) = preSolution
		Debug|Any CPU = Debug|Any CPU
		Release|Any CPU = Release|Any CPU
	EndGlobalSection
	GlobalSection(SolutionProperties) = preSolution
		HideSolutionNode = FALSE
	EndGlobalSection
	GlobalSection(ProjectConfigurationPlatforms) = postSolution
		{D9DB9158-E143-45B6-A197-C9107E250BBE}.Debug|Any CPU.ActiveCfg = Debug|Any CPU
		{D9DB9158-E143-45B6-A197-C9107E250BBE}.Debug|Any CPU.Build.0 = Debug|Any CPU
		{D9DB9158-E143-45B6-A197-C9107E250BBE}.Release|Any CPU.ActiveCfg = Release|Any CPU
		{D9DB9158-E143-45B6-A197-C9107E250BBE}.Release|Any CPU.Build.0 = Release|Any CPU
	EndGlobalSection
EndGlobal
